
Microsoft Visual Studio Solution File, Format Version 12.00
# Visual Studio Version 17
VisualStudioVersion = 17.5.002.0
MinimumVisualStudioVersion = 10.0.40219.1
Project("{9A19103F-16F7-4668-BE54-9A1E7A4F7556}") = "Bash-a-monster", "Bash-a-monster.csproj", "{C7135179-073E-4024-B630-1C01715AB034}"
EndProject
Global
	GlobalSection(SolutionConfigurationPlatforms) = preSolution
		Debug|Any CPU = Debug|Any CPU
		Release|Any CPU = Release|Any CPU
	EndGlobalSection
	GlobalSection(ProjectConfigurationPlatforms) = postSolution
		{C7135179-073E-4024-B630-1C01715AB034}.Debug|Any CPU.ActiveCfg = Debug|Any CPU
		{C7135179-073E-4024-B630-1C01715AB034}.Debug|Any CPU.Build.0 = Debug|Any CPU
		{C7135179-073E-4024-B630-1C01715AB034}.Release|Any CPU.ActiveCfg = Release|Any CPU
		{C7135179-073E-4024-B630-1C01715AB034}.Release|Any CPU.Build.0 = Release|Any CPU
	EndGlobalSection
	GlobalSection(SolutionProperties) = preSolution
		HideSolutionNode = FALSE
	EndGlobalSection
	GlobalSection(ExtensibilityGlobals) = postSolution
		SolutionGuid = {A9B96CF0-D738-436F-A36F-D2EABE589427}
	EndGlobalSection
EndGlobal
